
Microsoft Visual Studio Solution File, Format Version 12.00
# Visual Studio Version 17
VisualStudioVersion = 17.5.33414.496
MinimumVisualStudioVersion = 10.0.40219.1
Project("{9A19103F-16F7-4668-BE54-9A1E7A4F7556}") = "Our.Umbraco.MailSettings", "Our.Umbraco.MailSettings\Our.Umbraco.MailSettings.csproj", "{730C69E0-0BFD-4600-9E97-6F214FEC4620}"
EndProject
Project("{9A19103F-16F7-4668-BE54-9A1E7A4F7556}") = "Our.Umbraco.MailSettings.WebsiteV10", "Our.Umbraco.MailSettings.WebsiteV10\Our.Umbraco.MailSettings.WebsiteV10.csproj", "{C4E44DF8-C677-456F-9091-479CDC30B2C2}"
EndProject
Project("{2150E333-8FDC-42A3-9474-1A3956D46DE8}") = "develop", "develop", "{6BD50145-2EAC-4EE0-993C-D08B6E494281}"
	ProjectSection(SolutionItems) = preProject
		package.json = package.json
		webpack.config.js = webpack.config.js
	EndProjectSection
EndProject
Global
	GlobalSection(SolutionConfigurationPlatforms) = preSolution
		Debug|Any CPU = Debug|Any CPU
		Release|Any CPU = Release|Any CPU
	EndGlobalSection
	GlobalSection(ProjectConfigurationPlatforms) = postSolution
		{730C69E0-0BFD-4600-9E97-6F214FEC4620}.Debug|Any CPU.ActiveCfg = Debug|Any CPU
		{730C69E0-0BFD-4600-9E97-6F214FEC4620}.Debug|Any CPU.Build.0 = Debug|Any CPU
		{730C69E0-0BFD-4600-9E97-6F214FEC4620}.Release|Any CPU.ActiveCfg = Release|Any CPU
		{730C69E0-0BFD-4600-9E97-6F214FEC4620}.Release|Any CPU.Build.0 = Release|Any CPU
		{C4E44DF8-C677-456F-9091-479CDC30B2C2}.Debug|Any CPU.ActiveCfg = Debug|Any CPU
		{C4E44DF8-C677-456F-9091-479CDC30B2C2}.Debug|Any CPU.Build.0 = Debug|Any CPU
		{C4E44DF8-C677-456F-9091-479CDC30B2C2}.Release|Any CPU.ActiveCfg = Release|Any CPU
		{C4E44DF8-C677-456F-9091-479CDC30B2C2}.Release|Any CPU.Build.0 = Release|Any CPU
	EndGlobalSection
	GlobalSection(SolutionProperties) = preSolution
		HideSolutionNode = FALSE
	EndGlobalSection
	GlobalSection(ExtensibilityGlobals) = postSolution
		SolutionGuid = {74EB8D77-2B01-4622-BF7E-36DDE4970BB8}
	EndGlobalSection
EndGlobal
